// !$*UTF8*$!
{
	archiveVersion = 1;
	classes = {
	};
	objectVersion = 56;
	objects = {

/* Begin PBXBuildFile section */
		2E4B2C762C3CC4C800ACB8D1 /* GoodCodeApp.swift in Sources */ = {isa = PBXBuildFile; fileRef = 2E4B2C752C3CC4C800ACB8D1 /* GoodCodeApp.swift */; };
		2E4B2C782C3CC4C800ACB8D1 /* ContentView.swift in Sources */ = {isa = PBXBuildFile; fileRef = 2E4B2C772C3CC4C800ACB8D1 /* ContentView.swift */; };
		2E4B2C7A2C3CC4CE00ACB8D1 /* Assets.xcassets in Resources */ = {isa = PBXBuildFile; fileRef = 2E4B2C792C3CC4CE00ACB8D1 /* Assets.xcassets */; };
		2E4B2C7D2C3CC4CE00ACB8D1 /* Preview Assets.xcassets in Resources */ = {isa = PBXBuildFile; fileRef = 2E4B2C7C2C3CC4CE00ACB8D1 /* Preview Assets.xcassets */; };
		2E4B2C842C3CC70900ACB8D1 /* Readability.InventoryView.swift in Sources */ = {isa = PBXBuildFile; fileRef = 2E4B2C832C3CC70900ACB8D1 /* Readability.InventoryView.swift */; };
		2E4B2C9C2C3CF31500ACB8D1 /* Reusability.InventoryList.swift in Sources */ = {isa = PBXBuildFile; fileRef = 2E4B2C9B2C3CF31500ACB8D1 /* Reusability.InventoryList.swift */; };
		2E4B2CA02C3CF46100ACB8D1 /* Reusability.CurrencyConverter.swift in Sources */ = {isa = PBXBuildFile; fileRef = 2E4B2C9F2C3CF46100ACB8D1 /* Reusability.CurrencyConverter.swift */; };
		2E4B2CA22C3CF59200ACB8D1 /* Readability.CurrencySelector.swift in Sources */ = {isa = PBXBuildFile; fileRef = 2E4B2CA12C3CF59200ACB8D1 /* Readability.CurrencySelector.swift */; };
		2E4B2CAB2C3CF82900ACB8D1 /* Readability.Inventory.swift in Sources */ = {isa = PBXBuildFile; fileRef = 2E4B2CAA2C3CF82900ACB8D1 /* Readability.Inventory.swift */; };
		2E4B2CB72C3DD4E100ACB8D1 /* Refactorability.CentralState.swift in Sources */ = {isa = PBXBuildFile; fileRef = 2E4B2CB62C3DD4E100ACB8D1 /* Refactorability.CentralState.swift */; };
		2E4B2CBA2C3DD51300ACB8D1 /* Refactorability.Inventory.swift in Sources */ = {isa = PBXBuildFile; fileRef = 2E4B2CB92C3DD51300ACB8D1 /* Refactorability.Inventory.swift */; };
		2E4B2CBC2C3DD53A00ACB8D1 /* Readability.swift in Sources */ = {isa = PBXBuildFile; fileRef = 2E4B2CBB2C3DD53A00ACB8D1 /* Readability.swift */; };
		2E4B2CBE2C3DD56900ACB8D1 /* Reusability.swift in Sources */ = {isa = PBXBuildFile; fileRef = 2E4B2CBD2C3DD56900ACB8D1 /* Reusability.swift */; };
		2E4B2CC12C3DD5F200ACB8D1 /* Reusability.InventoryItem.swift in Sources */ = {isa = PBXBuildFile; fileRef = 2E4B2CC02C3DD5F200ACB8D1 /* Reusability.InventoryItem.swift */; };
		2E4B2CC32C3DD6EB00ACB8D1 /* Readability.Currency.swift in Sources */ = {isa = PBXBuildFile; fileRef = 2E4B2CC22C3DD6EB00ACB8D1 /* Readability.Currency.swift */; };
		2E4B2CC52C3DD71F00ACB8D1 /* Refactorability.swift in Sources */ = {isa = PBXBuildFile; fileRef = 2E4B2CC42C3DD71F00ACB8D1 /* Refactorability.swift */; };
		2E4B2CC72C3DD94200ACB8D1 /* Refactorability.Cart.swift in Sources */ = {isa = PBXBuildFile; fileRef = 2E4B2CC62C3DD94200ACB8D1 /* Refactorability.Cart.swift */; };
		2E4B2CC92C3DDDD100ACB8D1 /* Refactorability.InventoryList.swift in Sources */ = {isa = PBXBuildFile; fileRef = 2E4B2CC82C3DDDD100ACB8D1 /* Refactorability.InventoryList.swift */; };
		2E4B2CEF2C3E012600ACB8D1 /* CentralState.Tests.swift in Sources */ = {isa = PBXBuildFile; fileRef = 2E4B2CEE2C3E012600ACB8D1 /* CentralState.Tests.swift */; };
		2E4B2CF62C3E06EC00ACB8D1 /* CurrencyConverter.Tests.swift in Sources */ = {isa = PBXBuildFile; fileRef = 2E4B2CF52C3E06EC00ACB8D1 /* CurrencyConverter.Tests.swift */; };
/* End PBXBuildFile section */

/* Begin PBXContainerItemProxy section */
		2E4B2CF02C3E012600ACB8D1 /* PBXContainerItemProxy */ = {
			isa = PBXContainerItemProxy;
			containerPortal = 2E4B2C6A2C3CC4C800ACB8D1 /* Project object */;
			proxyType = 1;
			remoteGlobalIDString = 2E4B2C712C3CC4C800ACB8D1;
			remoteInfo = GoodCode;
		};
/* End PBXContainerItemProxy section */

/* Begin PBXFileReference section */
		2E4B2C722C3CC4C800ACB8D1 /* GoodCode.app */ = {isa = PBXFileReference; explicitFileType = wrapper.application; includeInIndex = 0; path = GoodCode.app; sourceTree = BUILT_PRODUCTS_DIR; };
		2E4B2C752C3CC4C800ACB8D1 /* GoodCodeApp.swift */ = {isa = PBXFileReference; lastKnownFileType = sourcecode.swift; path = GoodCodeApp.swift; sourceTree = "<group>"; };
		2E4B2C772C3CC4C800ACB8D1 /* ContentView.swift */ = {isa = PBXFileReference; lastKnownFileType = sourcecode.swift; path = ContentView.swift; sourceTree = "<group>"; };
		2E4B2C792C3CC4CE00ACB8D1 /* Assets.xcassets */ = {isa = PBXFileReference; lastKnownFileType = folder.assetcatalog; path = Assets.xcassets; sourceTree = "<group>"; };
		2E4B2C7C2C3CC4CE00ACB8D1 /* Preview Assets.xcassets */ = {isa = PBXFileReference; lastKnownFileType = folder.assetcatalog; path = "Preview Assets.xcassets"; sourceTree = "<group>"; };
		2E4B2C832C3CC70900ACB8D1 /* Readability.InventoryView.swift */ = {isa = PBXFileReference; lastKnownFileType = sourcecode.swift; path = Readability.InventoryView.swift; sourceTree = "<group>"; };
		2E4B2C9B2C3CF31500ACB8D1 /* Reusability.InventoryList.swift */ = {isa = PBXFileReference; lastKnownFileType = sourcecode.swift; path = Reusability.InventoryList.swift; sourceTree = "<group>"; };
		2E4B2C9F2C3CF46100ACB8D1 /* Reusability.CurrencyConverter.swift */ = {isa = PBXFileReference; lastKnownFileType = sourcecode.swift; path = Reusability.CurrencyConverter.swift; sourceTree = "<group>"; };
		2E4B2CA12C3CF59200ACB8D1 /* Readability.CurrencySelector.swift */ = {isa = PBXFileReference; lastKnownFileType = sourcecode.swift; path = Readability.CurrencySelector.swift; sourceTree = "<group>"; };
		2E4B2CAA2C3CF82900ACB8D1 /* Readability.Inventory.swift */ = {isa = PBXFileReference; lastKnownFileType = sourcecode.swift; path = Readability.Inventory.swift; sourceTree = "<group>"; };
		2E4B2CB62C3DD4E100ACB8D1 /* Refactorability.CentralState.swift */ = {isa = PBXFileReference; lastKnownFileType = sourcecode.swift; path = Refactorability.CentralState.swift; sourceTree = "<group>"; };
		2E4B2CB92C3DD51300ACB8D1 /* Refactorability.Inventory.swift */ = {isa = PBXFileReference; lastKnownFileType = sourcecode.swift; path = Refactorability.Inventory.swift; sourceTree = "<group>"; };
		2E4B2CBB2C3DD53A00ACB8D1 /* Readability.swift */ = {isa = PBXFileReference; lastKnownFileType = sourcecode.swift; path = Readability.swift; sourceTree = "<group>"; };
		2E4B2CBD2C3DD56900ACB8D1 /* Reusability.swift */ = {isa = PBXFileReference; lastKnownFileType = sourcecode.swift; path = Reusability.swift; sourceTree = "<group>"; };
		2E4B2CC02C3DD5F200ACB8D1 /* Reusability.InventoryItem.swift */ = {isa = PBXFileReference; lastKnownFileType = sourcecode.swift; path = Reusability.InventoryItem.swift; sourceTree = "<group>"; };
		2E4B2CC22C3DD6EB00ACB8D1 /* Readability.Currency.swift */ = {isa = PBXFileReference; lastKnownFileType = sourcecode.swift; path = Readability.Currency.swift; sourceTree = "<group>"; };
		2E4B2CC42C3DD71F00ACB8D1 /* Refactorability.swift */ = {isa = PBXFileReference; lastKnownFileType = sourcecode.swift; path = Refactorability.swift; sourceTree = "<group>"; };
		2E4B2CC62C3DD94200ACB8D1 /* Refactorability.Cart.swift */ = {isa = PBXFileReference; lastKnownFileType = sourcecode.swift; path = Refactorability.Cart.swift; sourceTree = "<group>"; };
		2E4B2CC82C3DDDD100ACB8D1 /* Refactorability.InventoryList.swift */ = {isa = PBXFileReference; lastKnownFileType = sourcecode.swift; path = Refactorability.InventoryList.swift; sourceTree = "<group>"; };
		2E4B2CEC2C3E012600ACB8D1 /* Tests.xctest */ = {isa = PBXFileReference; explicitFileType = wrapper.cfbundle; includeInIndex = 0; path = Tests.xctest; sourceTree = BUILT_PRODUCTS_DIR; };
		2E4B2CEE2C3E012600ACB8D1 /* CentralState.Tests.swift */ = {isa = PBXFileReference; lastKnownFileType = sourcecode.swift; path = CentralState.Tests.swift; sourceTree = "<group>"; };
		2E4B2CF52C3E06EC00ACB8D1 /* CurrencyConverter.Tests.swift */ = {isa = PBXFileReference; lastKnownFileType = sourcecode.swift; path = CurrencyConverter.Tests.swift; sourceTree = "<group>"; };
/* End PBXFileReference section */

/* Begin PBXFrameworksBuildPhase section */
		2E4B2C6F2C3CC4C800ACB8D1 /* Frameworks */ = {
			isa = PBXFrameworksBuildPhase;
			buildActionMask = 2147483647;
			files = (
			);
			runOnlyForDeploymentPostprocessing = 0;
		};
		2E4B2CE92C3E012600ACB8D1 /* Frameworks */ = {
			isa = PBXFrameworksBuildPhase;
			buildActionMask = 2147483647;
			files = (
			);
			runOnlyForDeploymentPostprocessing = 0;
		};
/* End PBXFrameworksBuildPhase section */

/* Begin PBXGroup section */
		2E4B2C692C3CC4C800ACB8D1 = {
			isa = PBXGroup;
			children = (
				2E4B2C742C3CC4C800ACB8D1 /* GoodCode */,
				2E4B2CED2C3E012600ACB8D1 /* Tests */,
				2E4B2C732C3CC4C800ACB8D1 /* Products */,
			);
			sourceTree = "<group>";
		};
		2E4B2C732C3CC4C800ACB8D1 /* Products */ = {
			isa = PBXGroup;
			children = (
				2E4B2C722C3CC4C800ACB8D1 /* GoodCode.app */,
				2E4B2CEC2C3E012600ACB8D1 /* Tests.xctest */,
			);
			name = Products;
			sourceTree = "<group>";
		};
		2E4B2C742C3CC4C800ACB8D1 /* GoodCode */ = {
			isa = PBXGroup;
			children = (
				2E4B2C752C3CC4C800ACB8D1 /* GoodCodeApp.swift */,
				2E4B2C772C3CC4C800ACB8D1 /* ContentView.swift */,
				2E4B2CA32C3CF59A00ACB8D1 /* Readability */,
				2E4B2CA42C3CF5C800ACB8D1 /* Reusability */,
				2E4B2CB52C3DD4D000ACB8D1 /* Refactorability */,
				2E4B2C792C3CC4CE00ACB8D1 /* Assets.xcassets */,
				2E4B2C7B2C3CC4CE00ACB8D1 /* Preview Content */,
			);
			path = GoodCode;
			sourceTree = "<group>";
		};
		2E4B2C7B2C3CC4CE00ACB8D1 /* Preview Content */ = {
			isa = PBXGroup;
			children = (
				2E4B2C7C2C3CC4CE00ACB8D1 /* Preview Assets.xcassets */,
			);
			path = "Preview Content";
			sourceTree = "<group>";
		};
		2E4B2CA32C3CF59A00ACB8D1 /* Readability */ = {
			isa = PBXGroup;
			children = (
				2E4B2CBB2C3DD53A00ACB8D1 /* Readability.swift */,
				2E4B2C832C3CC70900ACB8D1 /* Readability.InventoryView.swift */,
				2E4B2CC22C3DD6EB00ACB8D1 /* Readability.Currency.swift */,
			);
			path = Readability;
			sourceTree = "<group>";
		};
		2E4B2CA42C3CF5C800ACB8D1 /* Reusability */ = {
			isa = PBXGroup;
			children = (
				2E4B2CBD2C3DD56900ACB8D1 /* Reusability.swift */,
				2E4B2CA72C3CF74300ACB8D1 /* Models */,
				2E4B2CA92C3CF75400ACB8D1 /* Views */,
				2E4B2CA82C3CF74900ACB8D1 /* ViewModels */,
			);
			path = Reusability;
			sourceTree = "<group>";
		};
		2E4B2CA72C3CF74300ACB8D1 /* Models */ = {
			isa = PBXGroup;
			children = (
				2E4B2CC02C3DD5F200ACB8D1 /* Reusability.InventoryItem.swift */,
			);
			path = Models;
			sourceTree = "<group>";
		};
		2E4B2CA82C3CF74900ACB8D1 /* ViewModels */ = {
			isa = PBXGroup;
			children = (
				2E4B2C9F2C3CF46100ACB8D1 /* Reusability.CurrencyConverter.swift */,
			);
			path = ViewModels;
			sourceTree = "<group>";
		};
		2E4B2CA92C3CF75400ACB8D1 /* Views */ = {
			isa = PBXGroup;
			children = (
				2E4B2C9B2C3CF31500ACB8D1 /* Reusability.InventoryList.swift */,
				2E4B2CA12C3CF59200ACB8D1 /* Readability.CurrencySelector.swift */,
				2E4B2CAA2C3CF82900ACB8D1 /* Readability.Inventory.swift */,
			);
			path = Views;
			sourceTree = "<group>";
		};
		2E4B2CB52C3DD4D000ACB8D1 /* Refactorability */ = {
			isa = PBXGroup;
			children = (
				2E4B2CC42C3DD71F00ACB8D1 /* Refactorability.swift */,
				2E4B2CD92C3DF07400ACB8D1 /* Views */,
				2E4B2CB82C3DD4E800ACB8D1 /* States */,
			);
			path = Refactorability;
			sourceTree = "<group>";
		};
		2E4B2CB82C3DD4E800ACB8D1 /* States */ = {
			isa = PBXGroup;
			children = (
				2E4B2CB62C3DD4E100ACB8D1 /* Refactorability.CentralState.swift */,
			);
			path = States;
			sourceTree = "<group>";
		};
		2E4B2CD92C3DF07400ACB8D1 /* Views */ = {
			isa = PBXGroup;
			children = (
				2E4B2CC62C3DD94200ACB8D1 /* Refactorability.Cart.swift */,
				2E4B2CB92C3DD51300ACB8D1 /* Refactorability.Inventory.swift */,
				2E4B2CC82C3DDDD100ACB8D1 /* Refactorability.InventoryList.swift */,
			);
			path = Views;
			sourceTree = "<group>";
		};
		2E4B2CED2C3E012600ACB8D1 /* Tests */ = {
			isa = PBXGroup;
			children = (
				2E4B2CEE2C3E012600ACB8D1 /* CentralState.Tests.swift */,
				2E4B2CF52C3E06EC00ACB8D1 /* CurrencyConverter.Tests.swift */,
			);
			path = Tests;
			sourceTree = "<group>";
		};
/* End PBXGroup section */

/* Begin PBXNativeTarget section */
		2E4B2C712C3CC4C800ACB8D1 /* GoodCode */ = {
			isa = PBXNativeTarget;
			buildConfigurationList = 2E4B2C802C3CC4CE00ACB8D1 /* Build configuration list for PBXNativeTarget "GoodCode" */;
			buildPhases = (
				2E4B2C6E2C3CC4C800ACB8D1 /* Sources */,
				2E4B2C6F2C3CC4C800ACB8D1 /* Frameworks */,
				2E4B2C702C3CC4C800ACB8D1 /* Resources */,
				2E4B2C982C3CDA5100ACB8D1 /* Swift Format */,
			);
			buildRules = (
			);
			dependencies = (
			);
			name = GoodCode;
			productName = GoodCode;
			productReference = 2E4B2C722C3CC4C800ACB8D1 /* GoodCode.app */;
			productType = "com.apple.product-type.application";
		};
		2E4B2CEB2C3E012600ACB8D1 /* Tests */ = {
			isa = PBXNativeTarget;
			buildConfigurationList = 2E4B2CF22C3E012600ACB8D1 /* Build configuration list for PBXNativeTarget "Tests" */;
			buildPhases = (
				2E4B2CE82C3E012600ACB8D1 /* Sources */,
				2E4B2CE92C3E012600ACB8D1 /* Frameworks */,
				2E4B2CEA2C3E012600ACB8D1 /* Resources */,
			);
			buildRules = (
			);
			dependencies = (
				2E4B2CF12C3E012600ACB8D1 /* PBXTargetDependency */,
			);
			name = Tests;
			productName = Tests;
			productReference = 2E4B2CEC2C3E012600ACB8D1 /* Tests.xctest */;
			productType = "com.apple.product-type.bundle.unit-test";
		};
/* End PBXNativeTarget section */

/* Begin PBXProject section */
		2E4B2C6A2C3CC4C800ACB8D1 /* Project object */ = {
			isa = PBXProject;
			attributes = {
				BuildIndependentTargetsInParallel = 1;
				LastSwiftUpdateCheck = 1540;
				LastUpgradeCheck = 1540;
				TargetAttributes = {
					2E4B2C712C3CC4C800ACB8D1 = {
						CreatedOnToolsVersion = 15.4;
					};
					2E4B2CEB2C3E012600ACB8D1 = {
						CreatedOnToolsVersion = 15.4;
						TestTargetID = 2E4B2C712C3CC4C800ACB8D1;
					};
				};
			};
			buildConfigurationList = 2E4B2C6D2C3CC4C800ACB8D1 /* Build configuration list for PBXProject "GoodCode" */;
			compatibilityVersion = "Xcode 14.0";
			developmentRegion = en;
			hasScannedForEncodings = 0;
			knownRegions = (
				en,
				Base,
			);
			mainGroup = 2E4B2C692C3CC4C800ACB8D1;
			productRefGroup = 2E4B2C732C3CC4C800ACB8D1 /* Products */;
			projectDirPath = "";
			projectRoot = "";
			targets = (
				2E4B2C712C3CC4C800ACB8D1 /* GoodCode */,
				2E4B2CEB2C3E012600ACB8D1 /* Tests */,
			);
		};
/* End PBXProject section */

/* Begin PBXResourcesBuildPhase section */
		2E4B2C702C3CC4C800ACB8D1 /* Resources */ = {
			isa = PBXResourcesBuildPhase;
			buildActionMask = 2147483647;
			files = (
				2E4B2C7D2C3CC4CE00ACB8D1 /* Preview Assets.xcassets in Resources */,
				2E4B2C7A2C3CC4CE00ACB8D1 /* Assets.xcassets in Resources */,
			);
			runOnlyForDeploymentPostprocessing = 0;
		};
		2E4B2CEA2C3E012600ACB8D1 /* Resources */ = {
			isa = PBXResourcesBuildPhase;
			buildActionMask = 2147483647;
			files = (
			);
			runOnlyForDeploymentPostprocessing = 0;
		};
/* End PBXResourcesBuildPhase section */

/* Begin PBXShellScriptBuildPhase section */
		2E4B2C982C3CDA5100ACB8D1 /* Swift Format */ = {
			isa = PBXShellScriptBuildPhase;
			buildActionMask = 2147483647;
			files = (
			);
			inputFileListPaths = (
			);
			inputPaths = (
			);
			name = "Swift Format";
			outputFileListPaths = (
			);
			outputPaths = (
			);
			runOnlyForDeploymentPostprocessing = 0;
			shellPath = /bin/sh;
			shellScript = "if which swiftformat >/dev/null; then\n  swiftformat .\nelse\n  echo \"warning: SwiftFormat not installed, download from https://github.com/nicklockwood/SwiftFormat\"\nfi\n";
		};
/* End PBXShellScriptBuildPhase section */

/* Begin PBXSourcesBuildPhase section */
		2E4B2C6E2C3CC4C800ACB8D1 /* Sources */ = {
			isa = PBXSourcesBuildPhase;
			buildActionMask = 2147483647;
			files = (
				2E4B2CAB2C3CF82900ACB8D1 /* Readability.Inventory.swift in Sources */,
				2E4B2C9C2C3CF31500ACB8D1 /* Reusability.InventoryList.swift in Sources */,
				2E4B2CBC2C3DD53A00ACB8D1 /* Readability.swift in Sources */,
				2E4B2C842C3CC70900ACB8D1 /* Readability.InventoryView.swift in Sources */,
				2E4B2CA22C3CF59200ACB8D1 /* Readability.CurrencySelector.swift in Sources */,
				2E4B2CA02C3CF46100ACB8D1 /* Reusability.CurrencyConverter.swift in Sources */,
				2E4B2C782C3CC4C800ACB8D1 /* ContentView.swift in Sources */,
				2E4B2C762C3CC4C800ACB8D1 /* GoodCodeApp.swift in Sources */,
				2E4B2CBE2C3DD56900ACB8D1 /* Reusability.swift in Sources */,
				2E4B2CC52C3DD71F00ACB8D1 /* Refactorability.swift in Sources */,
				2E4B2CC92C3DDDD100ACB8D1 /* Refactorability.InventoryList.swift in Sources */,
				2E4B2CC12C3DD5F200ACB8D1 /* Reusability.InventoryItem.swift in Sources */,
				2E4B2CB72C3DD4E100ACB8D1 /* Refactorability.CentralState.swift in Sources */,
				2E4B2CC32C3DD6EB00ACB8D1 /* Readability.Currency.swift in Sources */,
				2E4B2CC72C3DD94200ACB8D1 /* Refactorability.Cart.swift in Sources */,
				2E4B2CBA2C3DD51300ACB8D1 /* Refactorability.Inventory.swift in Sources */,
			);
			runOnlyForDeploymentPostprocessing = 0;
		};
		2E4B2CE82C3E012600ACB8D1 /* Sources */ = {
			isa = PBXSourcesBuildPhase;
			buildActionMask = 2147483647;
			files = (
				2E4B2CF62C3E06EC00ACB8D1 /* CurrencyConverter.Tests.swift in Sources */,
				2E4B2CEF2C3E012600ACB8D1 /* CentralState.Tests.swift in Sources */,
			);
			runOnlyForDeploymentPostprocessing = 0;
		};
/* End PBXSourcesBuildPhase section */

/* Begin PBXTargetDependency section */
		2E4B2CF12C3E012600ACB8D1 /* PBXTargetDependency */ = {
			isa = PBXTargetDependency;
			target = 2E4B2C712C3CC4C800ACB8D1 /* GoodCode */;
			targetProxy = 2E4B2CF02C3E012600ACB8D1 /* PBXContainerItemProxy */;
		};
/* End PBXTargetDependency section */

/* Begin XCBuildConfiguration section */
		2E4B2C7E2C3CC4CE00ACB8D1 /* Debug */ = {
			isa = XCBuildConfiguration;
			buildSettings = {
				ALWAYS_SEARCH_USER_PATHS = NO;
				ASSETCATALOG_COMPILER_GENERATE_SWIFT_ASSET_SYMBOL_EXTENSIONS = YES;
				CLANG_ANALYZER_NONNULL = YES;
				CLANG_ANALYZER_NUMBER_OBJECT_CONVERSION = YES_AGGRESSIVE;
				CLANG_CXX_LANGUAGE_STANDARD = "gnu++20";
				CLANG_ENABLE_MODULES = YES;
				CLANG_ENABLE_OBJC_ARC = YES;
				CLANG_ENABLE_OBJC_WEAK = YES;
				CLANG_WARN_BLOCK_CAPTURE_AUTORELEASING = YES;
				CLANG_WARN_BOOL_CONVERSION = YES;
				CLANG_WARN_COMMA = YES;
				CLANG_WARN_CONSTANT_CONVERSION = YES;
				CLANG_WARN_DEPRECATED_OBJC_IMPLEMENTATIONS = YES;
				CLANG_WARN_DIRECT_OBJC_ISA_USAGE = YES_ERROR;
				CLANG_WARN_DOCUMENTATION_COMMENTS = YES;
				CLANG_WARN_EMPTY_BODY = YES;
				CLANG_WARN_ENUM_CONVERSION = YES;
				CLANG_WARN_INFINITE_RECURSION = YES;
				CLANG_WARN_INT_CONVERSION = YES;
				CLANG_WARN_NON_LITERAL_NULL_CONVERSION = YES;
				CLANG_WARN_OBJC_IMPLICIT_RETAIN_SELF = YES;
				CLANG_WARN_OBJC_LITERAL_CONVERSION = YES;
				CLANG_WARN_OBJC_ROOT_CLASS = YES_ERROR;
				CLANG_WARN_QUOTED_INCLUDE_IN_FRAMEWORK_HEADER = YES;
				CLANG_WARN_RANGE_LOOP_ANALYSIS = YES;
				CLANG_WARN_STRICT_PROTOTYPES = YES;
				CLANG_WARN_SUSPICIOUS_MOVE = YES;
				CLANG_WARN_UNGUARDED_AVAILABILITY = YES_AGGRESSIVE;
				CLANG_WARN_UNREACHABLE_CODE = YES;
				CLANG_WARN__DUPLICATE_METHOD_MATCH = YES;
				COPY_PHASE_STRIP = NO;
				DEBUG_INFORMATION_FORMAT = dwarf;
				ENABLE_STRICT_OBJC_MSGSEND = YES;
				ENABLE_TESTABILITY = YES;
				ENABLE_USER_SCRIPT_SANDBOXING = YES;
				GCC_C_LANGUAGE_STANDARD = gnu17;
				GCC_DYNAMIC_NO_PIC = NO;
				GCC_NO_COMMON_BLOCKS = YES;
				GCC_OPTIMIZATION_LEVEL = 0;
				GCC_PREPROCESSOR_DEFINITIONS = (
					"DEBUG=1",
					"$(inherited)",
				);
				GCC_WARN_64_TO_32_BIT_CONVERSION = YES;
				GCC_WARN_ABOUT_RETURN_TYPE = YES_ERROR;
				GCC_WARN_UNDECLARED_SELECTOR = YES;
				GCC_WARN_UNINITIALIZED_AUTOS = YES_AGGRESSIVE;
				GCC_WARN_UNUSED_FUNCTION = YES;
				GCC_WARN_UNUSED_VARIABLE = YES;
				IPHONEOS_DEPLOYMENT_TARGET = 17.0;
				LOCALIZATION_PREFERS_STRING_CATALOGS = YES;
				MTL_ENABLE_DEBUG_INFO = INCLUDE_SOURCE;
				MTL_FAST_MATH = YES;
				ONLY_ACTIVE_ARCH = YES;
				SDKROOT = iphoneos;
				SWIFT_ACTIVE_COMPILATION_CONDITIONS = "DEBUG $(inherited)";
				SWIFT_OPTIMIZATION_LEVEL = "-Onone";
			};
			name = Debug;
		};
		2E4B2C7F2C3CC4CE00ACB8D1 /* Release */ = {
			isa = XCBuildConfiguration;
			buildSettings = {
				ALWAYS_SEARCH_USER_PATHS = NO;
				ASSETCATALOG_COMPILER_GENERATE_SWIFT_ASSET_SYMBOL_EXTENSIONS = YES;
				CLANG_ANALYZER_NONNULL = YES;
				CLANG_ANALYZER_NUMBER_OBJECT_CONVERSION = YES_AGGRESSIVE;
				CLANG_CXX_LANGUAGE_STANDARD = "gnu++20";
				CLANG_ENABLE_MODULES = YES;
				CLANG_ENABLE_OBJC_ARC = YES;
				CLANG_ENABLE_OBJC_WEAK = YES;
				CLANG_WARN_BLOCK_CAPTURE_AUTORELEASING = YES;
				CLANG_WARN_BOOL_CONVERSION = YES;
				CLANG_WARN_COMMA = YES;
				CLANG_WARN_CONSTANT_CONVERSION = YES;
				CLANG_WARN_DEPRECATED_OBJC_IMPLEMENTATIONS = YES;
				CLANG_WARN_DIRECT_OBJC_ISA_USAGE = YES_ERROR;
				CLANG_WARN_DOCUMENTATION_COMMENTS = YES;
				CLANG_WARN_EMPTY_BODY = YES;
				CLANG_WARN_ENUM_CONVERSION = YES;
				CLANG_WARN_INFINITE_RECURSION = YES;
				CLANG_WARN_INT_CONVERSION = YES;
				CLANG_WARN_NON_LITERAL_NULL_CONVERSION = YES;
				CLANG_WARN_OBJC_IMPLICIT_RETAIN_SELF = YES;
				CLANG_WARN_OBJC_LITERAL_CONVERSION = YES;
				CLANG_WARN_OBJC_ROOT_CLASS = YES_ERROR;
				CLANG_WARN_QUOTED_INCLUDE_IN_FRAMEWORK_HEADER = YES;
				CLANG_WARN_RANGE_LOOP_ANALYSIS = YES;
				CLANG_WARN_STRICT_PROTOTYPES = YES;
				CLANG_WARN_SUSPICIOUS_MOVE = YES;
				CLANG_WARN_UNGUARDED_AVAILABILITY = YES_AGGRESSIVE;
				CLANG_WARN_UNREACHABLE_CODE = YES;
				CLANG_WARN__DUPLICATE_METHOD_MATCH = YES;
				COPY_PHASE_STRIP = NO;
				DEBUG_INFORMATION_FORMAT = "dwarf-with-dsym";
				ENABLE_NS_ASSERTIONS = NO;
				ENABLE_STRICT_OBJC_MSGSEND = YES;
				ENABLE_USER_SCRIPT_SANDBOXING = YES;
				GCC_C_LANGUAGE_STANDARD = gnu17;
				GCC_NO_COMMON_BLOCKS = YES;
				GCC_WARN_64_TO_32_BIT_CONVERSION = YES;
				GCC_WARN_ABOUT_RETURN_TYPE = YES_ERROR;
				GCC_WARN_UNDECLARED_SELECTOR = YES;
				GCC_WARN_UNINITIALIZED_AUTOS = YES_AGGRESSIVE;
				GCC_WARN_UNUSED_FUNCTION = YES;
				GCC_WARN_UNUSED_VARIABLE = YES;
				IPHONEOS_DEPLOYMENT_TARGET = 17.0;
				LOCALIZATION_PREFERS_STRING_CATALOGS = YES;
				MTL_ENABLE_DEBUG_INFO = NO;
				MTL_FAST_MATH = YES;
				SDKROOT = iphoneos;
				SWIFT_COMPILATION_MODE = wholemodule;
				VALIDATE_PRODUCT = YES;
			};
			name = Release;
		};
		2E4B2C812C3CC4CE00ACB8D1 /* Debug */ = {
			isa = XCBuildConfiguration;
			buildSettings = {
				ASSETCATALOG_COMPILER_APPICON_NAME = AppIcon;
				ASSETCATALOG_COMPILER_GLOBAL_ACCENT_COLOR_NAME = AccentColor;
				CODE_SIGN_STYLE = Automatic;
				CURRENT_PROJECT_VERSION = 1;
				DEVELOPMENT_ASSET_PATHS = "\"GoodCode/Preview Content\"";
				ENABLE_PREVIEWS = YES;
				GENERATE_INFOPLIST_FILE = YES;
				INFOPLIST_KEY_UIApplicationSceneManifest_Generation = YES;
				INFOPLIST_KEY_UIApplicationSupportsIndirectInputEvents = YES;
				INFOPLIST_KEY_UILaunchScreen_Generation = YES;
				INFOPLIST_KEY_UISupportedInterfaceOrientations_iPad = "UIInterfaceOrientationPortrait UIInterfaceOrientationPortraitUpsideDown UIInterfaceOrientationLandscapeLeft UIInterfaceOrientationLandscapeRight";
				INFOPLIST_KEY_UISupportedInterfaceOrientations_iPhone = "UIInterfaceOrientationPortrait UIInterfaceOrientationLandscapeLeft UIInterfaceOrientationLandscapeRight";
				LD_RUNPATH_SEARCH_PATHS = (
					"$(inherited)",
					"@executable_path/Frameworks",
				);
				MARKETING_VERSION = 1.0;
				PRODUCT_BUNDLE_IDENTIFIER = com.maatheusgois.GoodCode;
				PRODUCT_NAME = "$(TARGET_NAME)";
				SWIFT_EMIT_LOC_STRINGS = YES;
				SWIFT_VERSION = 5.0;
				TARGETED_DEVICE_FAMILY = "1,2";
			};
			name = Debug;
		};
		2E4B2C822C3CC4CE00ACB8D1 /* Release */ = {
			isa = XCBuildConfiguration;
			buildSettings = {
				ASSETCATALOG_COMPILER_APPICON_NAME = AppIcon;
				ASSETCATALOG_COMPILER_GLOBAL_ACCENT_COLOR_NAME = AccentColor;
				CODE_SIGN_STYLE = Automatic;
				CURRENT_PROJECT_VERSION = 1;
				DEVELOPMENT_ASSET_PATHS = "\"GoodCode/Preview Content\"";
				ENABLE_PREVIEWS = YES;
				GENERATE_INFOPLIST_FILE = YES;
				INFOPLIST_KEY_UIApplicationSceneManifest_Generation = YES;
				INFOPLIST_KEY_UIApplicationSupportsIndirectInputEvents = YES;
				INFOPLIST_KEY_UILaunchScreen_Generation = YES;
				INFOPLIST_KEY_UISupportedInterfaceOrientations_iPad = "UIInterfaceOrientationPortrait UIInterfaceOrientationPortraitUpsideDown UIInterfaceOrientationLandscapeLeft UIInterfaceOrientationLandscapeRight";
				INFOPLIST_KEY_UISupportedInterfaceOrientations_iPhone = "UIInterfaceOrientationPortrait UIInterfaceOrientationLandscapeLeft UIInterfaceOrientationLandscapeRight";
				LD_RUNPATH_SEARCH_PATHS = (
					"$(inherited)",
					"@executable_path/Frameworks",
				);
				MARKETING_VERSION = 1.0;
				PRODUCT_BUNDLE_IDENTIFIER = com.maatheusgois.GoodCode;
				PRODUCT_NAME = "$(TARGET_NAME)";
				SWIFT_EMIT_LOC_STRINGS = YES;
				SWIFT_VERSION = 5.0;
				TARGETED_DEVICE_FAMILY = "1,2";
			};
			name = Release;
		};
		2E4B2CF32C3E012600ACB8D1 /* Debug */ = {
			isa = XCBuildConfiguration;
			buildSettings = {
				BUNDLE_LOADER = "$(TEST_HOST)";
				CODE_SIGN_STYLE = Automatic;
				CURRENT_PROJECT_VERSION = 1;
				GENERATE_INFOPLIST_FILE = YES;
				MARKETING_VERSION = 1.0;
				PRODUCT_BUNDLE_IDENTIFIER = com.maatheusgois.Tests;
				PRODUCT_NAME = "$(TARGET_NAME)";
				SWIFT_EMIT_LOC_STRINGS = NO;
				SWIFT_VERSION = 5.0;
				TARGETED_DEVICE_FAMILY = "1,2";
				TEST_HOST = "$(BUILT_PRODUCTS_DIR)/GoodCode.app/$(BUNDLE_EXECUTABLE_FOLDER_PATH)/GoodCode";
			};
			name = Debug;
		};
		2E4B2CF42C3E012600ACB8D1 /* Release */ = {
			isa = XCBuildConfiguration;
			buildSettings = {
				BUNDLE_LOADER = "$(TEST_HOST)";
				CODE_SIGN_STYLE = Automatic;
				CURRENT_PROJECT_VERSION = 1;
				GENERATE_INFOPLIST_FILE = YES;
				MARKETING_VERSION = 1.0;
				PRODUCT_BUNDLE_IDENTIFIER = com.maatheusgois.Tests;
				PRODUCT_NAME = "$(TARGET_NAME)";
				SWIFT_EMIT_LOC_STRINGS = NO;
				SWIFT_VERSION = 5.0;
				TARGETED_DEVICE_FAMILY = "1,2";
				TEST_HOST = "$(BUILT_PRODUCTS_DIR)/GoodCode.app/$(BUNDLE_EXECUTABLE_FOLDER_PATH)/GoodCode";
			};
			name = Release;
		};
/* End XCBuildConfiguration section */

/* Begin XCConfigurationList section */
		2E4B2C6D2C3CC4C800ACB8D1 /* Build configuration list for PBXProject "GoodCode" */ = {
			isa = XCConfigurationList;
			buildConfigurations = (
				2E4B2C7E2C3CC4CE00ACB8D1 /* Debug */,
				2E4B2C7F2C3CC4CE00ACB8D1 /* Release */,
			);
			defaultConfigurationIsVisible = 0;
			defaultConfigurationName = Release;
		};
		2E4B2C802C3CC4CE00ACB8D1 /* Build configuration list for PBXNativeTarget "GoodCode" */ = {
			isa = XCConfigurationList;
			buildConfigurations = (
				2E4B2C812C3CC4CE00ACB8D1 /* Debug */,
				2E4B2C822C3CC4CE00ACB8D1 /* Release */,
			);
			defaultConfigurationIsVisible = 0;
			defaultConfigurationName = Release;
		};
		2E4B2CF22C3E012600ACB8D1 /* Build configuration list for PBXNativeTarget "Tests" */ = {
			isa = XCConfigurationList;
			buildConfigurations = (
				2E4B2CF32C3E012600ACB8D1 /* Debug */,
				2E4B2CF42C3E012600ACB8D1 /* Release */,
			);
			defaultConfigurationIsVisible = 0;
			defaultConfigurationName = Release;
		};
/* End XCConfigurationList section */
	};
	rootObject = 2E4B2C6A2C3CC4C800ACB8D1 /* Project object */;
}
